
Microsoft Visual Studio Solution File, Format Version 12.00
# Visual Studio Version 17
VisualStudioVersion = 17.2.32602.215
MinimumVisualStudioVersion = 10.0.40219.1
Project("{FAE04EC0-301F-11D3-BF4B-00C04F79EFBC}") = "BankAccountForm", "WindowsFormsApp1\BankAccountForm.csproj", "{2356FA1E-7CA3-4828-B81E-85C8ECAE8C02}"
EndProject
Global
	GlobalSection(SolutionConfigurationPlatforms) = preSolution
		Debug|Any CPU = Debug|Any CPU
		Release|Any CPU = Release|Any CPU
	EndGlobalSection
	GlobalSection(ProjectConfigurationPlatforms) = postSolution
		{2356FA1E-7CA3-4828-B81E-85C8ECAE8C02}.Debug|Any CPU.ActiveCfg = Debug|Any CPU
		{2356FA1E-7CA3-4828-B81E-85C8ECAE8C02}.Debug|Any CPU.Build.0 = Debug|Any CPU
		{2356FA1E-7CA3-4828-B81E-85C8ECAE8C02}.Release|Any CPU.ActiveCfg = Release|Any CPU
		{2356FA1E-7CA3-4828-B81E-85C8ECAE8C02}.Release|Any CPU.Build.0 = Release|Any CPU
	EndGlobalSection
	GlobalSection(SolutionProperties) = preSolution
		HideSolutionNode = FALSE
	EndGlobalSection
	GlobalSection(ExtensibilityGlobals) = postSolution
		SolutionGuid = {90D741B1-6ED3-483A-B1B9-60B4370AAF35}
	EndGlobalSection
EndGlobal
